version: 2.0
shards:
  anyolite:
    git: https://github.com/anyolite/anyolite.git
    version: 1.0.0

  athena-console:
    git: https://github.com/athena-framework/console.git
    version: 0.3.2

  bindgen:
    git: https://github.com/papierkorb/bindgen.git
    version: 0.7.0+git.commit.b9a50696f99f3169649336f6cacd98c4f61d5ccc

  crystallabs-helpers:
    git: https://github.com/crystallabs/crystallabs-helpers.cr.git
    version: 1.0.1

  crysterm:
    git: https://github.com/crystallabs/crysterm.git
    version: 1.0.0+git.commit.081c79e1565240abe07ea37048da51e85f76b402

  db:
    git: https://github.com/crystal-lang/crystal-db.git
    version: 0.11.0

  event_handler:
    git: https://github.com/crystallabs/event_handler.git
    version: 1.0.3

  gpm:
    git: https://github.com/crystallabs/gpm.cr.git
    version: 1.0.5

  ioctl:
    git: https://github.com/crystal-posix/ioctl.cr.git
    version: 1.0.0

  mysql:
    git: https://github.com/crystal-lang/crystal-mysql.git
    version: 0.14.0

  pg:
    git: https://github.com/will/crystal-pg.git
    version: 0.26.0

  qt5:
    git: https://github.com/papierkorb/qt5.cr.git
    version: 0.2.0+git.commit.b574f43334c068f9d61e496c656be79886a4468e

  spoved:
    git: https://github.com/spoved/spoved.cr.git
    version: 0.8.6

  sqlite3:
    git: https://github.com/crystal-lang/crystal-sqlite3.git
    version: 0.19.0

  term-screen:
    git: https://github.com/crystal-term/screen.git
    version: 0.1.0+git.commit.ea51ee8d1f6c286573c41a7e784d31c80af7b9bb

  term_colors:
    git: https://github.com/crystallabs/term_colors.git
    version: 1.0.1

  toka:
    git: https://github.com/kalinon/toka.git
    version: 0.1.2+git.commit.622fb6642b158b10517fb26b69e2e63be00980d9

  tput:
    git: https://github.com/crystallabs/tput.git
    version: 1.0.7+git.commit.904c8603cbaee00aee5b06f6d7cf8ad308522380

  unibilium:
    git: https://github.com/crystallabs/unibilium.cr.git
    version: 1.0.1

  unibilium-shim:
    git: https://github.com/crystallabs/unibilium-shim.cr.git
    version: 1.1.0

  w3m_image_display:
    git: https://github.com/samuallb/w3mimagedisplay.git
    version: 0.1.2

  zeromq:
    git: https://github.com/crystal-community/zeromq-crystal.git
    version: 0.3.0+git.commit.d6d25ace3376aa0f36a6432ed88d35930d3640fb

